
Microsoft Visual Studio Solution File, Format Version 12.00
# Visual Studio 15
VisualStudioVersion = 15.0.28010.2046
MinimumVisualStudioVersion = 10.0.40219.1
Project("{FAE04EC0-301F-11D3-BF4B-00C04F79EFBC}") = "UI", "UI\UI.csproj", "{C0399A38-54E1-4C57-8F0A-83D4ADBFEAF3}"
EndProject
Project("{FAE04EC0-301F-11D3-BF4B-00C04F79EFBC}") = "Model", "Model\Model.csproj", "{C7E40869-6B95-42AC-B015-1D688FCF1089}"
EndProject
Project("{FAE04EC0-301F-11D3-BF4B-00C04F79EFBC}") = "DAL", "DAL\DAL.csproj", "{438E2022-D08F-4A2D-B5FA-6F98AFAD6F90}"
	ProjectSection(ProjectDependencies) = postProject
		{C7E40869-6B95-42AC-B015-1D688FCF1089} = {C7E40869-6B95-42AC-B015-1D688FCF1089}
	EndProjectSection
EndProject
Project("{FAE04EC0-301F-11D3-BF4B-00C04F79EFBC}") = "BLL", "BLL\BLL.csproj", "{F059F380-732C-44DD-B014-F60DF1D92AD1}"
EndProject
Project("{2150E333-8FDC-42A3-9474-1A3956D46DE8}") = "ClassLirary", "ClassLirary", "{29BA8480-AE1B-4125-9375-2A520340050E}"
EndProject
Global
	GlobalSection(SolutionConfigurationPlatforms) = preSolution
		Debug|Any CPU = Debug|Any CPU
		Release|Any CPU = Release|Any CPU
	EndGlobalSection
	GlobalSection(ProjectConfigurationPlatforms) = postSolution
		{C0399A38-54E1-4C57-8F0A-83D4ADBFEAF3}.Debug|Any CPU.ActiveCfg = Debug|Any CPU
		{C0399A38-54E1-4C57-8F0A-83D4ADBFEAF3}.Debug|Any CPU.Build.0 = Debug|Any CPU
		{C0399A38-54E1-4C57-8F0A-83D4ADBFEAF3}.Release|Any CPU.ActiveCfg = Release|Any CPU
		{C0399A38-54E1-4C57-8F0A-83D4ADBFEAF3}.Release|Any CPU.Build.0 = Release|Any CPU
		{C7E40869-6B95-42AC-B015-1D688FCF1089}.Debug|Any CPU.ActiveCfg = Debug|Any CPU
		{C7E40869-6B95-42AC-B015-1D688FCF1089}.Debug|Any CPU.Build.0 = Debug|Any CPU
		{C7E40869-6B95-42AC-B015-1D688FCF1089}.Release|Any CPU.ActiveCfg = Release|Any CPU
		{C7E40869-6B95-42AC-B015-1D688FCF1089}.Release|Any CPU.Build.0 = Release|Any CPU
		{438E2022-D08F-4A2D-B5FA-6F98AFAD6F90}.Debug|Any CPU.ActiveCfg = Debug|Any CPU
		{438E2022-D08F-4A2D-B5FA-6F98AFAD6F90}.Debug|Any CPU.Build.0 = Debug|Any CPU
		{438E2022-D08F-4A2D-B5FA-6F98AFAD6F90}.Release|Any CPU.ActiveCfg = Release|Any CPU
		{438E2022-D08F-4A2D-B5FA-6F98AFAD6F90}.Release|Any CPU.Build.0 = Release|Any CPU
		{F059F380-732C-44DD-B014-F60DF1D92AD1}.Debug|Any CPU.ActiveCfg = Debug|Any CPU
		{F059F380-732C-44DD-B014-F60DF1D92AD1}.Debug|Any CPU.Build.0 = Debug|Any CPU
		{F059F380-732C-44DD-B014-F60DF1D92AD1}.Release|Any CPU.ActiveCfg = Release|Any CPU
		{F059F380-732C-44DD-B014-F60DF1D92AD1}.Release|Any CPU.Build.0 = Release|Any CPU
	EndGlobalSection
	GlobalSection(SolutionProperties) = preSolution
		HideSolutionNode = FALSE
	EndGlobalSection
	GlobalSection(NestedProjects) = preSolution
		{C7E40869-6B95-42AC-B015-1D688FCF1089} = {29BA8480-AE1B-4125-9375-2A520340050E}
		{438E2022-D08F-4A2D-B5FA-6F98AFAD6F90} = {29BA8480-AE1B-4125-9375-2A520340050E}
		{F059F380-732C-44DD-B014-F60DF1D92AD1} = {29BA8480-AE1B-4125-9375-2A520340050E}
	EndGlobalSection
	GlobalSection(ExtensibilityGlobals) = postSolution
		SolutionGuid = {24BA83C5-5FDC-45E9-81EB-4865070BA54A}
	EndGlobalSection
EndGlobal
